NeoBundleLock neobundle.vim c37a56100afde3ea5b06031735bb5c8e9fc7db3e
NeoBundleLock neosnippet-snippets c35446a74d3a5c11838a96b9f2e3673e56ced384
NeoBundleLock neosnippet.vim e2c830db87e50e8cdb1128f3096664f68cb05cad
NeoBundleLock unite.vim 662f83d3789ecf320ddcb04f7023def3a8167802
NeoBundleLock vim-airline 491b3335cd20691ec2e1227faee2d04c3e176d8a
NeoBundleLock vim-colorschemes 81c6dd7ce3169e5ad9ba92422ba6e1ce5b074e36
NeoBundleLock vim-fugitive 21b6dd7aeec3e4bc96d7b32cd594b7818c0c4082
NeoBundleLock vimshell 3787e52766812d8b99a93ccdda57517bc2a0bab6
